{
  "name": "deno",
  "lockfileVersion": 3,
  "requires": true,
  "packages": {
    "": {
      "devDependencies": {
        "deno-bin": "^1.28.2"
      }
    },
    "node_modules/adm-zip": {
      "version": "0.5.9",
      "resolved": "https://registry.npmjs.org/adm-zip/-/adm-zip-0.5.9.tgz",
      "integrity": "sha512-s+3fXLkeeLjZ2kLjCBwQufpI5fuN+kIGBxu6530nVQZGVol0d7Y/M88/xw9HGGUcJjKf8LutN3VPRUBq6N7Ajg==",
      "dev": true,
      "engines": {
        "node": ">=6.0"
      }
    },
    "node_modules/deno-bin": {
      "version": "1.28.2",
      "resolved": "https://registry.npmjs.org/deno-bin/-/deno-bin-1.28.2.tgz",
      "integrity": "sha512-gSRMvxt3+5BRQxItr9NrdrERZgy3PH0LjzVmibRmJOOFMyRvjKsVjpnDaOV6Db+xAcGcXnEJ5jxp2iAZLj05og==",
      "dev": true,
      "hasInstallScript": true,
      "dependencies": {
        "adm-zip": "^0.5.4",
        "follow-redirects": "^1.10.0"
      },
      "bin": {
        "deno": "bin/deno.js",
        "deno-bin": "bin/deno.js"
      }
    },
    "node_modules/follow-redirects": {
      "version": "1.15.2",
      "resolved": "https://registry.npmjs.org/follow-redirects/-/follow-redirects-1.15.2.tgz",
      "integrity": "sha512-VQLG33o04KaQ8uYi2tVNbdrWp1QWxNNea+nmIB4EVM28v0hmP17z7aG1+wAkNzVq4KeXTq3221ye5qTJP91JwA==",
      "dev": true,
      "funding": [
        {
          "type": "individual",
          "url": "https://github.com/sponsors/RubenVerborgh"
        }
      ],
      "engines": {
        "node": ">=4.0"
      },
      "peerDependenciesMeta": {
        "debug": {
          "optional": true
        }
      }
    }
  }
}
